
Microsoft Visual Studio Solution File, Format Version 12.00
# Visual Studio Version 17
VisualStudioVersion = 17.5.33530.505
MinimumVisualStudioVersion = 10.0.40219.1
Project("{FAE04EC0-301F-11D3-BF4B-00C04F79EFBC}") = "Prometheus.Api", "Prometheus.Api\Prometheus.Api.csproj", "{9FFE5B06-04B2-4104-A01C-E075A5436AEF}"
EndProject
Project("{FAE04EC0-301F-11D3-BF4B-00C04F79EFBC}") = "Prometheus.Web", "Prometheus.Web\Prometheus.Web.csproj", "{1F79F97B-E9F1-41C1-B391-8614C2426940}"
EndProject
Global
	GlobalSection(SolutionConfigurationPlatforms) = preSolution
		Debug|Any CPU = Debug|Any CPU
		Release|Any CPU = Release|Any CPU
	EndGlobalSection
	GlobalSection(ProjectConfigurationPlatforms) = postSolution
		{9FFE5B06-04B2-4104-A01C-E075A5436AEF}.Debug|Any CPU.ActiveCfg = Debug|Any CPU
		{9FFE5B06-04B2-4104-A01C-E075A5436AEF}.Debug|Any CPU.Build.0 = Debug|Any CPU
		{9FFE5B06-04B2-4104-A01C-E075A5436AEF}.Release|Any CPU.ActiveCfg = Release|Any CPU
		{9FFE5B06-04B2-4104-A01C-E075A5436AEF}.Release|Any CPU.Build.0 = Release|Any CPU
		{1F79F97B-E9F1-41C1-B391-8614C2426940}.Debug|Any CPU.ActiveCfg = Debug|Any CPU
		{1F79F97B-E9F1-41C1-B391-8614C2426940}.Debug|Any CPU.Build.0 = Debug|Any CPU
		{1F79F97B-E9F1-41C1-B391-8614C2426940}.Release|Any CPU.ActiveCfg = Release|Any CPU
		{1F79F97B-E9F1-41C1-B391-8614C2426940}.Release|Any CPU.Build.0 = Release|Any CPU
	EndGlobalSection
	GlobalSection(SolutionProperties) = preSolution
		HideSolutionNode = FALSE
	EndGlobalSection
	GlobalSection(ExtensibilityGlobals) = postSolution
		SolutionGuid = {E00AE16A-096C-49B5-942B-3CB07DAE8BD9}
	EndGlobalSection
EndGlobal
